github.com/portfolioaidiladam/Projectminigolangmodule1 v1.0.0 h1:jOGVElkgEQmP7qrqvKQvfuiZIyPWhQuGUMmmi16P5Rs=
github.com/portfolioaidiladam/Projectminigolangmodule1 v1.0.0/go.mod h1:iFNM5N7lu7DO84T3srIfy+d5lgDPX9zJT/H9Y7TstRA=
github.com/portfolioaidiladam/Projectminigolangmodule1/v2 v2.0.0 h1:m/iZhzHKKvYdVxwLaDztus95xglGCKreuFKq4THMUeI=
github.com/portfolioaidiladam/Projectminigolangmodule1/v2 v2.0.0/go.mod h1:3eRO3wOxm66Jkraoa3gLp959v5slxu+Q8hzRMxngIqw=
